
Microsoft Visual Studio Solution File, Format Version 12.00
# Visual Studio Version 17
VisualStudioVersion = 17.0.31903.59
MinimumVisualStudioVersion = 10.0.40219.1
Project("{FAE04EC0-301F-11D3-BF4B-00C04F79EFBC}") = "Manualify.Web", "Manualify.Web\Manualify.Web.csproj", "{E724D003-4CD7-4983-8810-830B97F26A3F}"
EndProject
Global
	GlobalSection(SolutionConfigurationPlatforms) = preSolution
		Debug|Any CPU = Debug|Any CPU
		Release|Any CPU = Release|Any CPU
	EndGlobalSection
	GlobalSection(SolutionProperties) = preSolution
		HideSolutionNode = FALSE
	EndGlobalSection
	GlobalSection(ProjectConfigurationPlatforms) = postSolution
		{E724D003-4CD7-4983-8810-830B97F26A3F}.Debug|Any CPU.ActiveCfg = Debug|Any CPU
		{E724D003-4CD7-4983-8810-830B97F26A3F}.Debug|Any CPU.Build.0 = Debug|Any CPU
		{E724D003-4CD7-4983-8810-830B97F26A3F}.Release|Any CPU.ActiveCfg = Release|Any CPU
		{E724D003-4CD7-4983-8810-830B97F26A3F}.Release|Any CPU.Build.0 = Release|Any CPU
	EndGlobalSection
EndGlobal
